[ "cowboy": {:git, "git://github.com/extend/cowboy.git", "b09f3a570d702be7a55c36e5f5b4b63b26198637", []},
  "cowlib": {:git, "git://github.com/extend/cowlib.git", "63298e8e160031a70efff86a1acde7e7db1fcda6", [ref: "0.4.0"]},
  "dynamo": {:git, "git://github.com/elixir-lang/dynamo.git", "23aabc78cd42fbf484186bce80b08acec1493576", []},
  "ex_doc": {:git, "git://github.com/elixir-lang/ex_doc.git", "aecbe8cf755fc81d76e2924d69a33642b7945af9", []},
  "forecast": {:git, "git://github.com/paulanthonywilson/forecast.git", "299db72407aa00ff05d685476dd33177f799a6e6", []},
  "hackney": {:git, "git://github.com/benoitc/hackney.git", "7f2a0b5996313d930277786e7ff5d538e9346547", [tag: "0.10.1"]},
  "hackney_lib": {:git, "https://github.com/benoitc/hackney_lib.git", "eecdb481f1d38bfb194896bffdf9bdcdd967ae96", [tag: "0.2.2"]},
  "httpotion": {:git, "git://github.com/myfreeweb/httpotion.git", "f9407c497ce8e71ebea8cf94d08b093f90afa5bb", []},
  "ibrowse": {:git, "git://github.com/cmullaparthi/ibrowse.git", "d824491d37449763ac44398f8494731e0c1418c1", []},
  "jsonex": {:git, "git://github.com/marcelog/jsonex.git", "feb4a5b8fbb62e3910923a4325795576fa014c34", []},
  "jsx": {:git, "git://github.com/talentdeficit/jsx.git", "cb14b92a228e51f7bdcaa7eb17f035e4a5c0b47d", [tag: "v1.3.3"]},
  "meck": {:git, "git://github.com/eproxus/meck.git", "917690864617cb9a565e58484c73275a7b40a997", [tag: "0.8"]},
  "mime": {:git, "git://github.com/dynamo/mime.git", "7e56a3dd5692afcd39c9797ae2898c5841967098", []},
  "mimetypes": {:git, "git://github.com/spawngrid/mimetypes.git", "47d37a977a7d633199822bf6b08353007483d00f", [ref: "master"]},
  "ranch": {:git, "git://github.com/extend/ranch.git", "5df1f222f94e08abdcab7084f5e13027143cc222", [ref: "0.9.0"]} ]
